
Microsoft Visual Studio Solution File, Format Version 12.00
# Visual Studio Version 16
VisualStudioVersion = 16.0.29403.142
MinimumVisualStudioVersion = 10.0.40219.1
Project("{8BC9CEB8-8B4A-11D0-8D11-00A0C91BC942}") = "FluidSimulation", "FluidSimulation\FluidSimulation.vcxproj", "{0FD85BB3-04C9-4A8E-89B7-6DADFBBF6BEB}"
EndProject
Global
	GlobalSection(SolutionConfigurationPlatforms) = preSolution
		Debug|x64 = Debug|x64
		Release|x64 = Release|x64
	EndGlobalSection
	GlobalSection(ProjectConfigurationPlatforms) = postSolution
		{0FD85BB3-04C9-4A8E-89B7-6DADFBBF6BEB}.Debug|x64.ActiveCfg = Debug|x64
		{0FD85BB3-04C9-4A8E-89B7-6DADFBBF6BEB}.Debug|x64.Build.0 = Debug|x64
		{0FD85BB3-04C9-4A8E-89B7-6DADFBBF6BEB}.Release|x64.ActiveCfg = Release|x64
		{0FD85BB3-04C9-4A8E-89B7-6DADFBBF6BEB}.Release|x64.Build.0 = Release|x64
	EndGlobalSection
	GlobalSection(SolutionProperties) = preSolution
		HideSolutionNode = FALSE
	EndGlobalSection
	GlobalSection(ExtensibilityGlobals) = postSolution
		SolutionGuid = {6D03C79C-801F-48E3-BFDA-3AA2CE079245}
	EndGlobalSection
EndGlobal
